{
  "name": "cp-portal",
  "version": "0.1.0",
  "lockfileVersion": 3,
  "requires": true,
  "packages": {
    "": {
      "name": "cp-portal",
      "version": "0.1.0",
      "dependencies": {
        "auth": "^0.0.9",
        "next": "^13.5.5",
        "next-auth": "^4.23.2",
        "react": "18.2.0",
        "react-dom": "18.2.0"
      }
    },
    "node_modules/@babel/runtime": {
      "version": "7.23.2",
      "resolved": "https://registry.npmjs.org/@babel/runtime/-/runtime-7.23.2.tgz",
      "integrity": "sha512-mM8eg4yl5D6i3lu2QKPuPH4FArvJ8KhTofbE7jwMUv9KX5mBvwPAqnV3MlyBNqdp9RyRKP6Yck8TrfYrPvX3bg==",
      "dependencies": {
        "regenerator-runtime": "^0.14.0"
      },
      "engines": {
        "node": ">=6.9.0"
      }
    },
    "node_modules/@next/env": {
      "version": "13.5.5",
      "resolved": "https://registry.npmjs.org/@next/env/-/env-13.5.5.tgz",
      "integrity": "sha512-agvIhYWp+ilbScg81s/sLueZo8CNEYLjNOqhISxheLmD/AQI4/VxV7bV76i/KzxH4iHy/va0YS9z0AOwGnw4Fg=="
    },
    "node_modules/@next/swc-darwin-arm64": {
      "version": "13.5.5",
      "resolved": "https://registry.npmjs.org/@next/swc-darwin-arm64/-/swc-darwin-arm64-13.5.5.tgz",
      "integrity": "sha512-FvTdcJdTA7H1FGY8dKPPbf/O0oDC041/znHZwXA7liiGUhgw5hOQ+9z8tWvuz0M5a/SDjY/IRPBAb5FIFogYww==",
      "cpu": [
        "arm64"
      ],
      "optional": true,
      "os": [
        "darwin"
      ],
      "engines": {
        "node": ">= 10"
      }
    },
    "node_modules/@next/swc-darwin-x64": {
      "version": "13.5.5",
      "resolved": "https://registry.npmjs.org/@next/swc-darwin-x64/-/swc-darwin-x64-13.5.5.tgz",
      "integrity": "sha512-mTqNIecaojmyia7appVO2QggBe1Z2fdzxgn6jb3x9qlAk8yY2sy4MAcsj71kC9RlenCqDmr9vtC/ESFf110TPA==",
      "cpu": [
        "x64"
      ],
      "optional": true,
      "os": [
        "darwin"
      ],
      "engines": {
        "node": ">= 10"
      }
    },
    "node_modules/@next/swc-linux-arm64-gnu": {
      "version": "13.5.5",
      "resolved": "https://registry.npmjs.org/@next/swc-linux-arm64-gnu/-/swc-linux-arm64-gnu-13.5.5.tgz",
      "integrity": "sha512-U9e+kNkfvwh/T8yo+xcslvNXgyMzPPX1IbwCwnHHFmX5ckb1Uc3XZSInNjFQEQR5xhJpB5sFdal+IiBIiLYkZA==",
      "cpu": [
        "arm64"
      ],
      "optional": true,
      "os": [
        "linux"
      ],
      "engines": {
        "node": ">= 10"
      }
    },
    "node_modules/@next/swc-linux-arm64-musl": {
      "version": "13.5.5",
      "resolved": "https://registry.npmjs.org/@next/swc-linux-arm64-musl/-/swc-linux-arm64-musl-13.5.5.tgz",
      "integrity": "sha512-h7b58eIoNCSmKVC5fr167U0HWZ/yGLbkKD9wIller0nGdyl5zfTji0SsPKJvrG8jvKPFt2xOkVBmXlFOtuKynw==",
      "cpu": [
        "arm64"
      ],
      "optional": true,
      "os": [
        "linux"
      ],
      "engines": {
        "node": ">= 10"
      }
    },
    "node_modules/@next/swc-linux-x64-gnu": {
      "version": "13.5.5",
      "resolved": "https://registry.npmjs.org/@next/swc-linux-x64-gnu/-/swc-linux-x64-gnu-13.5.5.tgz",
      "integrity": "sha512-6U4y21T1J6FfcpM9uqzBJicxycpB5gJKLyQ3g6KOfBzT8H1sMwfHTRrvHKB09GIn1BCRy5YJHrA1G26DzqR46w==",
      "cpu": [
        "x64"
      ],
      "optional": true,
      "os": [
        "linux"
      ],
      "engines": {
        "node": ">= 10"
      }
    },
    "node_modules/@next/swc-linux-x64-musl": {
      "version": "13.5.5",
      "resolved": "https://registry.npmjs.org/@next/swc-linux-x64-musl/-/swc-linux-x64-musl-13.5.5.tgz",
      "integrity": "sha512-OuqWSAQHJQM2EsapPFTSU/FLQ0wKm7UeRNatiR/jLeCe1V02aB9xmzuWYo2Neaxxag4rss3S8fj+lvMLzwDaFA==",
      "cpu": [
        "x64"
      ],
      "optional": true,
      "os": [
        "linux"
      ],
      "engines": {
        "node": ">= 10"
      }
    },
    "node_modules/@next/swc-win32-arm64-msvc": {
      "version": "13.5.5",
      "resolved": "https://registry.npmjs.org/@next/swc-win32-arm64-msvc/-/swc-win32-arm64-msvc-13.5.5.tgz",
      "integrity": "sha512-+yLrOZIIZDY4uGn9bLOc0wTgs+M8RuOUFSUK3BhmcLav9e+tcAj0jyBHD4aXv2qWhppUeuYMsyBo1I58/eE6Dg==",
      "cpu": [
        "arm64"
      ],
      "optional": true,
      "os": [
        "win32"
      ],
      "engines": {
        "node": ">= 10"
      }
    },
    "node_modules/@next/swc-win32-ia32-msvc": {
      "version": "13.5.5",
      "resolved": "https://registry.npmjs.org/@next/swc-win32-ia32-msvc/-/swc-win32-ia32-msvc-13.5.5.tgz",
      "integrity": "sha512-SyMxXyJtf9ScMH0Dh87THJMXNFvfkRAk841xyW9SeOX3KxM1buXX3hN7vof4kMGk0Yg996OGsX+7C9ueS8ugsw==",
      "cpu": [
        "ia32"
      ],
      "optional": true,
      "os": [
        "win32"
      ],
      "engines": {
        "node": ">= 10"
      }
    },
    "node_modules/@next/swc-win32-x64-msvc": {
      "version": "13.5.5",
      "resolved": "https://registry.npmjs.org/@next/swc-win32-x64-msvc/-/swc-win32-x64-msvc-13.5.5.tgz",
      "integrity": "sha512-n5KVf2Ok0BbLwofAaHiiKf+BQCj1M8WmTujiER4/qzYAVngnsNSjqEWvJ03raeN9eURqxDO+yL5VRoDrR33H9A==",
      "cpu": [
        "x64"
      ],
      "optional": true,
      "os": [
        "win32"
      ],
      "engines": {
        "node": ">= 10"
      }
    },
    "node_modules/@panva/hkdf": {
      "version": "1.1.1",
      "resolved": "https://registry.npmjs.org/@panva/hkdf/-/hkdf-1.1.1.tgz",
      "integrity": "sha512-dhPeilub1NuIG0X5Kvhh9lH4iW3ZsHlnzwgwbOlgwQ2wG1IqFzsgHqmKPk3WzsdWAeaxKJxgM0+W433RmN45GA==",
      "funding": {
        "url": "https://github.com/sponsors/panva"
      }
    },
    "node_modules/@swc/helpers": {
      "version": "0.5.2",
      "resolved": "https://registry.npmjs.org/@swc/helpers/-/helpers-0.5.2.tgz",
      "integrity": "sha512-E4KcWTpoLHqwPHLxidpOqQbcrZVgi0rsmmZXUle1jXmJfuIf/UWpczUJ7MZZ5tlxytgJXyp0w4PGkkeLiuIdZw==",
      "dependencies": {
        "tslib": "^2.4.0"
      }
    },
    "node_modules/@xmldom/xmldom": {
      "version": "0.8.10",
      "resolved": "https://registry.npmjs.org/@xmldom/xmldom/-/xmldom-0.8.10.tgz",
      "integrity": "sha512-2WALfTl4xo2SkGCYRt6rDTFfk9R1czmBvUQy12gK2KuRKIpWEhcbbzy8EZXtz/jkRqHX8bFEc6FC1HjX4TUWYw==",
      "engines": {
        "node": ">=10.0.0"
      }
    },
    "node_modules/auth": {
      "version": "0.0.9",
      "resolved": "https://registry.npmjs.org/auth/-/auth-0.0.9.tgz",
      "integrity": "sha512-+ThS/vauhMflSBmvFKmjD0y8FzQo8RltMJnI2qvHR0cgSxTg9prCeIv3SDF2e5U5rauSPSBQ7hBAvT4kMVvIKA==",
      "dependencies": {
        "comerr": "0.0.x",
        "dsync": "0.0.x",
        "dustjs-linkedin": "1.1.x",
        "outcome": "0.0.x",
        "seq": "0.3.x",
        "step": "0.0.x",
        "structr": "0.2.x",
        "underscore": "1.4.x",
        "verify": "0.0.x",
        "vine": "0.1.x"
      }
    },
    "node_modules/busboy": {
      "version": "1.6.0",
      "resolved": "https://registry.npmjs.org/busboy/-/busboy-1.6.0.tgz",
      "integrity": "sha512-8SFQbg/0hQ9xy3UNTB0YEnsNBbWfhf7RtnzpL7TkBiTBRfrQ9Fxcnz7VJsleJpyp6rVLvXiuORqjlHi5q+PYuA==",
      "dependencies": {
        "streamsearch": "^1.1.0"
      },
      "engines": {
        "node": ">=10.16.0"
      }
    },
    "node_modules/caniuse-lite": {
      "version": "1.0.30001549",
      "resolved": "https://registry.npmjs.org/caniuse-lite/-/caniuse-lite-1.0.30001549.tgz",
      "integrity": "sha512-qRp48dPYSCYaP+KurZLhDYdVE+yEyht/3NlmcJgVQ2VMGt6JL36ndQ/7rgspdZsJuxDPFIo/OzBT2+GmIJ53BA==",
      "funding": [
        {
          "type": "opencollective",
          "url": "https://opencollective.com/browserslist"
        },
        {
          "type": "tidelift",
          "url": "https://tidelift.com/funding/github/npm/caniuse-lite"
        },
        {
          "type": "github",
          "url": "https://github.com/sponsors/ai"
        }
      ]
    },
    "node_modules/chainsaw": {
      "version": "0.0.9",
      "resolved": "https://registry.npmjs.org/chainsaw/-/chainsaw-0.0.9.tgz",
      "integrity": "sha512-nG8PYH+/4xB+8zkV4G844EtfvZ5tTiLFoX3dZ4nhF4t3OCKIb9UvaFyNmeZO2zOSmRWzBoTD+napN6hiL+EgcA==",
      "dependencies": {
        "traverse": ">=0.3.0 <0.4"
      },
      "engines": {
        "node": "*"
      }
    },
    "node_modules/chainsaw/node_modules/traverse": {
      "version": "0.3.9",
      "resolved": "https://registry.npmjs.org/traverse/-/traverse-0.3.9.tgz",
      "integrity": "sha512-iawgk0hLP3SxGKDfnDJf8wTz4p2qImnyihM5Hh/sGvQ3K37dPi/w8sRhdNIxYA1TwFwc5mDhIJq+O0RsvXBKdQ==",
      "engines": {
        "node": "*"
      }
    },
    "node_modules/cli-table": {
      "version": "0.0.2",
      "resolved": "https://registry.npmjs.org/cli-table/-/cli-table-0.0.2.tgz",
      "integrity": "sha512-pxlO2LG8dJMt+xR33zeICgkCje4SSueapy+FW7VjtD9HEUdOj7gl8lNCjCUWa9H4M3ao0ys/1kjLv86KY4tWmA==",
      "dependencies": {
        "colors": "0.3.0"
      },
      "engines": {
        "node": ">= 0.2.0"
      }
    },
    "node_modules/client-only": {
      "version": "0.0.1",
      "resolved": "https://registry.npmjs.org/client-only/-/client-only-0.0.1.tgz",
      "integrity": "sha512-IV3Ou0jSMzZrd3pZ48nLkT9DA7Ag1pnPzaiQhpW7c3RbcqqzvzzVu+L8gfqMp/8IM2MQtSiqaCxrrcfu8I8rMA=="
    },
    "node_modules/coffee-script": {
      "version": "1.12.7",
      "resolved": "https://registry.npmjs.org/coffee-script/-/coffee-script-1.12.7.tgz",
      "integrity": "sha512-fLeEhqwymYat/MpTPUjSKHVYYl0ec2mOyALEMLmzr5i1isuG+6jfI2j2d5oBO3VIzgUXgBVIcOT9uH1TFxBckw==",
      "deprecated": "CoffeeScript on NPM has moved to \"coffeescript\" (no hyphen)",
      "bin": {
        "cake": "bin/cake",
        "coffee": "bin/coffee"
      },
      "engines": {
        "node": ">=0.8.0"
      }
    },
    "node_modules/colors": {
      "version": "0.3.0",
      "resolved": "https://registry.npmjs.org/colors/-/colors-0.3.0.tgz",
      "integrity": "sha512-zRIkNRjxdyFV2Vuq0Bh8hL/rWgQsBM19aB6Uq9CMot2olUuD1DEPon9SB3GZNDrfOojb6a74AQhSM5BKrAr9tA==",
      "engines": {
        "node": "*"
      }
    },
    "node_modules/comerr": {
      "version": "0.0.9",
      "resolved": "https://registry.npmjs.org/comerr/-/comerr-0.0.9.tgz",
      "integrity": "sha512-jVoXtdEY1ntDzwARfeqUoQG1MNNVsIz2jjeM2m6PLkvJoJlhZoo0SAtOCUAvtrPI4wGskrzpkXTOpXk5FyIejQ=="
    },
    "node_modules/cookie": {
      "version": "0.5.0",
      "resolved": "https://registry.npmjs.org/cookie/-/cookie-0.5.0.tgz",
      "integrity": "sha512-YZ3GUyn/o8gfKJlnlX7g7xq4gyO6OSuhGPKaaGssGB2qgDUS0gPgtTvoyZLTt9Ab6dC4hfc9dV5arkvc/OCmrw==",
      "engines": {
        "node": ">= 0.6"
      }
    },
    "node_modules/cover": {
      "version": "0.2.9",
      "resolved": "https://registry.npmjs.org/cover/-/cover-0.2.9.tgz",
      "integrity": "sha512-ezch+ax5tw9w+9NDdh65VoMrfM8HfT7l/Tys8G4QQw58Yj7PeJ8DlBKDmV9cZuEUuoBoy4rdjVXKClrh8o6A1g==",
      "dependencies": {
        "cli-table": "0.0.x",
        "underscore": "1.2.x",
        "underscore.string": "2.0.x",
        "which": "1.0.x"
      },
      "bin": {
        "cover": "bin/cover"
      }
    },
    "node_modules/cover/node_modules/underscore": {
      "version": "1.2.4",
      "resolved": "https://registry.npmjs.org/underscore/-/underscore-1.2.4.tgz",
      "integrity": "sha512-WvFu6gnoSYDtm/hncQgO00QgFTxlmiw2Uv3DoU7yq5aLD4RhX7cUHO4TDU53JWy5E63Ex4yYsm1+9t2cZvefnQ==",
      "engines": {
        "node": "*"
      }
    },
    "node_modules/deep-extend": {
      "version": "0.2.11",
      "resolved": "https://registry.npmjs.org/deep-extend/-/deep-extend-0.2.11.tgz",
      "integrity": "sha512-t2N+4ihO7YgydJOUI47I6GdXpONJ+jUZmYeTNiifALaEduiCja1mKcq3tuSp0RhA9mMfxdMN3YskpwB7puMAtw==",
      "engines": {
        "node": ">=0.4"
      }
    },
    "node_modules/dref": {
      "version": "0.0.6",
      "resolved": "https://registry.npmjs.org/dref/-/dref-0.0.6.tgz",
      "integrity": "sha512-mavsfoF9FiDt11eQccNaBpxRQUNHUOruQX732cYn/L7IJLLo5KXa/FsHwnx4Z2x8hMro9heTo+S/KccdU76J2Q==",
      "dependencies": {
        "dref": "0.0.x",
        "structr": "0.2.x",
        "type-component": "0.0.x"
      }
    },
    "node_modules/dsync": {
      "version": "0.0.2",
      "resolved": "https://registry.npmjs.org/dsync/-/dsync-0.0.2.tgz",
      "integrity": "sha512-RcvF78M77BRR4Er9Nq8am6gjNGJnJdM1zY7MkIXEnTRC2ZISVrQ3cGEhOqlVbQq+u/UQPG3SAETtIb5fc41X7g==",
      "dependencies": {
        "deep-extend": "0.2.x",
        "dref": "0.0.x",
        "traverse": "*",
        "underscore": "1.4.x"
      }
    },
    "node_modules/dustjs-linkedin": {
      "version": "1.1.1",
      "resolved": "https://registry.npmjs.org/dustjs-linkedin/-/dustjs-linkedin-1.1.1.tgz",
      "integrity": "sha512-nUMxou4m/MgM3oNUiyojj/lRyxq2BHJzvfxVklaeUbi/pXgu83HI/6uOAD1tRlZXJt9VJddkp//y/D1qswnoFA==",
      "dependencies": {
        "cover": "0.2.x",
        "jasmine-node": "1.0.x",
        "uglify-js": "1.3.3"
      },
      "bin": {
        "dustc": "bin/dustc"
      }
    },
    "node_modules/glob-to-regexp": {
      "version": "0.4.1",
      "resolved": "https://registry.npmjs.org/glob-to-regexp/-/glob-to-regexp-0.4.1.tgz",
      "integrity": "sha512-lkX1HJXwyMcprw/5YUZc2s7DrpAiHB21/V+E1rHUrVNokkvB6bqMzT0VfV6/86ZNabt1k14YOIaT7nDvOX3Iiw=="
    },
    "node_modules/graceful-fs": {
      "version": "4.2.11",
      "resolved": "https://registry.npmjs.org/graceful-fs/-/graceful-fs-4.2.11.tgz",
      "integrity": "sha512-RbJ5/jmFcNNCcDV5o9eTnBLJ/HszWV0P73bc+Ff4nS/rJj+YaS6IGyiOL0VoBYX+l1Wrl3k63h/KrH+nhJ0XvQ=="
    },
    "node_modules/hashish": {
      "version": "0.0.4",
      "resolved": "https://registry.npmjs.org/hashish/-/hashish-0.0.4.tgz",
      "integrity": "sha512-xyD4XgslstNAs72ENaoFvgMwtv8xhiDtC2AtzCG+8yF7W/Knxxm9BX+e2s25mm+HxMKh0rBmXVOEGF3zNImXvA==",
      "dependencies": {
        "traverse": ">=0.2.4"
      },
      "engines": {
        "node": "*"
      }
    },
    "node_modules/jasmine-node": {
      "version": "1.0.28",
      "resolved": "https://registry.npmjs.org/jasmine-node/-/jasmine-node-1.0.28.tgz",
      "integrity": "sha512-VKjjoZwIiwJLpKZ46Rozs3TmkGyGUODMwjmdkr62HFtC1Pmv2z5HXsiiPIXms8M2p52uSK+kcQgb3apFNlTiJA==",
      "deprecated": "jasmine-node 1.x & 2.x are deprecated, with known vulnerability in jasmine-growl-reporter pre-2.0.0",
      "dependencies": {
        "coffee-script": ">=1.0.1",
        "jasmine-reporters": ">=0.2.0",
        "requirejs": ">=0.27.1",
        "underscore": ">= 1.3.1",
        "walkdir": ">= 0.0.1"
      },
      "bin": {
        "jasmine-node": "bin/jasmine-node"
      }
    },
    "node_modules/jasmine-reporters": {
      "version": "2.5.2",
      "resolved": "https://registry.npmjs.org/jasmine-reporters/-/jasmine-reporters-2.5.2.tgz",
      "integrity": "sha512-qdewRUuFOSiWhiyWZX8Yx3YNQ9JG51ntBEO4ekLQRpktxFTwUHy24a86zD/Oi2BRTKksEdfWQZcQFqzjqIkPig==",
      "dependencies": {
        "@xmldom/xmldom": "^0.8.5",
        "mkdirp": "^1.0.4"
      }
    },
    "node_modules/jose": {
      "version": "4.15.4",
      "resolved": "https://registry.npmjs.org/jose/-/jose-4.15.4.tgz",
      "integrity": "sha512-W+oqK4H+r5sITxfxpSU+MMdr/YSWGvgZMQDIsNoBDGGy4i7GBPTtvFKibQzW06n3U3TqHjhvBJsirShsEJ6eeQ==",
      "funding": {
        "url": "https://github.com/sponsors/panva"
      }
    },
    "node_modules/js-tokens": {
      "version": "4.0.0",
      "resolved": "https://registry.npmjs.org/js-tokens/-/js-tokens-4.0.0.tgz",
      "integrity": "sha512-RdJUflcE3cUzKiMqQgsCu06FPu9UdIJO0beYbPhHN4k6apgJtifcoCtT9bcxOpYBtpD2kCM6Sbzg4CausW/PKQ=="
    },
    "node_modules/loose-envify": {
      "version": "1.4.0",
      "resolved": "https://registry.npmjs.org/loose-envify/-/loose-envify-1.4.0.tgz",
      "integrity": "sha512-lyuxPGr/Wfhrlem2CL/UcnUc1zcqKAImBDzukY7Y5F/yQiNdko6+fRLevlw1HgMySw7f611UIY408EtxRSoK3Q==",
      "dependencies": {
        "js-tokens": "^3.0.0 || ^4.0.0"
      },
      "bin": {
        "loose-envify": "cli.js"
      }
    },
    "node_modules/lru-cache": {
      "version": "6.0.0",
      "resolved": "https://registry.npmjs.org/lru-cache/-/lru-cache-6.0.0.tgz",
      "integrity": "sha512-Jo6dJ04CmSjuznwJSS3pUeWmd/H0ffTlkXXgwZi+eq1UCmqQwCh+eLsYOYCwY991i2Fah4h1BEMCx4qThGbsiA==",
      "dependencies": {
        "yallist": "^4.0.0"
      },
      "engines": {
        "node": ">=10"
      }
    },
    "node_modules/mkdirp": {
      "version": "1.0.4",
      "resolved": "https://registry.npmjs.org/mkdirp/-/mkdirp-1.0.4.tgz",
      "integrity": "sha512-vVqVZQyf3WLx2Shd0qJ9xuvqgAyKPLAiqITEtqW0oIUjzo3PePDd6fW9iFz30ef7Ysp/oiWqbhszeGWW2T6Gzw==",
      "bin": {
        "mkdirp": "bin/cmd.js"
      },
      "engines": {
        "node": ">=10"
      }
    },
    "node_modules/nanoid": {
      "version": "3.3.6",
      "resolved": "https://registry.npmjs.org/nanoid/-/nanoid-3.3.6.tgz",
      "integrity": "sha512-BGcqMMJuToF7i1rt+2PWSNVnWIkGCU78jBG3RxO/bZlnZPK2Cmi2QaffxGO/2RvWi9sL+FAiRiXMgsyxQ1DIDA==",
      "funding": [
        {
          "type": "github",
          "url": "https://github.com/sponsors/ai"
        }
      ],
      "bin": {
        "nanoid": "bin/nanoid.cjs"
      },
      "engines": {
        "node": "^10 || ^12 || ^13.7 || ^14 || >=15.0.1"
      }
    },
    "node_modules/next": {
      "version": "13.5.5",
      "resolved": "https://registry.npmjs.org/next/-/next-13.5.5.tgz",
      "integrity": "sha512-LddFJjpfrtrMMw8Q9VLhIURuSidiCNcMQjRqcPtrKd+Fx07MsG7hYndJb/f2d3I+mTbTotsTJfCnn0eZ/YPk8w==",
      "dependencies": {
        "@next/env": "13.5.5",
        "@swc/helpers": "0.5.2",
        "busboy": "1.6.0",
        "caniuse-lite": "^1.0.30001406",
        "postcss": "8.4.31",
        "styled-jsx": "5.1.1",
        "watchpack": "2.4.0"
      },
      "bin": {
        "next": "dist/bin/next"
      },
      "engines": {
        "node": ">=16.14.0"
      },
      "optionalDependencies": {
        "@next/swc-darwin-arm64": "13.5.5",
        "@next/swc-darwin-x64": "13.5.5",
        "@next/swc-linux-arm64-gnu": "13.5.5",
        "@next/swc-linux-arm64-musl": "13.5.5",
        "@next/swc-linux-x64-gnu": "13.5.5",
        "@next/swc-linux-x64-musl": "13.5.5",
        "@next/swc-win32-arm64-msvc": "13.5.5",
        "@next/swc-win32-ia32-msvc": "13.5.5",
        "@next/swc-win32-x64-msvc": "13.5.5"
      },
      "peerDependencies": {
        "@opentelemetry/api": "^1.1.0",
        "react": "^18.2.0",
        "react-dom": "^18.2.0",
        "sass": "^1.3.0"
      },
      "peerDependenciesMeta": {
        "@opentelemetry/api": {
          "optional": true
        },
        "sass": {
          "optional": true
        }
      }
    },
    "node_modules/next-auth": {
      "version": "4.23.2",
      "resolved": "https://registry.npmjs.org/next-auth/-/next-auth-4.23.2.tgz",
      "integrity": "sha512-VRmInu0r/yZNFQheDFeOKtiugu3bt90Po3owAQDnFQ3YLQFmUKgFjcE2+3L0ny5jsJpBXaKbm7j7W2QTc6Ye2A==",
      "dependencies": {
        "@babel/runtime": "^7.20.13",
        "@panva/hkdf": "^1.0.2",
        "cookie": "^0.5.0",
        "jose": "^4.11.4",
        "oauth": "^0.9.15",
        "openid-client": "^5.4.0",
        "preact": "^10.6.3",
        "preact-render-to-string": "^5.1.19",
        "uuid": "^8.3.2"
      },
      "peerDependencies": {
        "next": "^12.2.5 || ^13",
        "nodemailer": "^6.6.5",
        "react": "^17.0.2 || ^18",
        "react-dom": "^17.0.2 || ^18"
      },
      "peerDependenciesMeta": {
        "nodemailer": {
          "optional": true
        }
      }
    },
    "node_modules/oauth": {
      "version": "0.9.15",
      "resolved": "https://registry.npmjs.org/oauth/-/oauth-0.9.15.tgz",
      "integrity": "sha512-a5ERWK1kh38ExDEfoO6qUHJb32rd7aYmPHuyCu3Fta/cnICvYmgd2uhuKXvPD+PXB+gCEYYEaQdIRAjCOwAKNA=="
    },
    "node_modules/object-hash": {
      "version": "2.2.0",
      "resolved": "https://registry.npmjs.org/object-hash/-/object-hash-2.2.0.tgz",
      "integrity": "sha512-gScRMn0bS5fH+IuwyIFgnh9zBdo4DV+6GhygmWM9HyNJSgS0hScp1f5vjtm7oIIOiT9trXrShAkLFSc2IqKNgw==",
      "engines": {
        "node": ">= 6"
      }
    },
    "node_modules/oidc-token-hash": {
      "version": "5.0.3",
      "resolved": "https://registry.npmjs.org/oidc-token-hash/-/oidc-token-hash-5.0.3.tgz",
      "integrity": "sha512-IF4PcGgzAr6XXSff26Sk/+P4KZFJVuHAJZj3wgO3vX2bMdNVp/QXTP3P7CEm9V1IdG8lDLY3HhiqpsE/nOwpPw==",
      "engines": {
        "node": "^10.13.0 || >=12.0.0"
      }
    },
    "node_modules/openid-client": {
      "version": "5.6.1",
      "resolved": "https://registry.npmjs.org/openid-client/-/openid-client-5.6.1.tgz",
      "integrity": "sha512-PtrWsY+dXg6y8mtMPyL/namZSYVz8pjXz3yJiBNZsEdCnu9miHLB4ELVC85WvneMKo2Rg62Ay7NkuCpM0bgiLQ==",
      "dependencies": {
        "jose": "^4.15.1",
        "lru-cache": "^6.0.0",
        "object-hash": "^2.2.0",
        "oidc-token-hash": "^5.0.3"
      },
      "funding": {
        "url": "https://github.com/sponsors/panva"
      }
    },
    "node_modules/outcome": {
      "version": "0.0.18",
      "resolved": "https://registry.npmjs.org/outcome/-/outcome-0.0.18.tgz",
      "integrity": "sha512-r5lBTvoSOO1a4J/bjCy5wOKs0CUEp4+DlL3WnGLgnpWLzNVF7KIUPlYUETbZ81IQHWmvVDZ8c1913uQW65ePNg=="
    },
    "node_modules/picocolors": {
      "version": "1.0.0",
      "resolved": "https://registry.npmjs.org/picocolors/-/picocolors-1.0.0.tgz",
      "integrity": "sha512-1fygroTLlHu66zi26VoTDv8yRgm0Fccecssto+MhsZ0D/DGW2sm8E8AjW7NU5VVTRt5GxbeZ5qBuJr+HyLYkjQ=="
    },
    "node_modules/postcss": {
      "version": "8.4.31",
      "resolved": "https://registry.npmjs.org/postcss/-/postcss-8.4.31.tgz",
      "integrity": "sha512-PS08Iboia9mts/2ygV3eLpY5ghnUcfLV/EXTOW1E2qYxJKGGBUtNjN76FYHnMs36RmARn41bC0AZmn+rR0OVpQ==",
      "funding": [
        {
          "type": "opencollective",
          "url": "https://opencollective.com/postcss/"
        },
        {
          "type": "tidelift",
          "url": "https://tidelift.com/funding/github/npm/postcss"
        },
        {
          "type": "github",
          "url": "https://github.com/sponsors/ai"
        }
      ],
      "dependencies": {
        "nanoid": "^3.3.6",
        "picocolors": "^1.0.0",
        "source-map-js": "^1.0.2"
      },
      "engines": {
        "node": "^10 || ^12 || >=14"
      }
    },
    "node_modules/preact": {
      "version": "10.18.1",
      "resolved": "https://registry.npmjs.org/preact/-/preact-10.18.1.tgz",
      "integrity": "sha512-mKUD7RRkQQM6s7Rkmi7IFkoEHjuFqRQUaXamO61E6Nn7vqF/bo7EZCmSyrUnp2UWHw0O7XjZ2eeXis+m7tf4lg==",
      "funding": {
        "type": "opencollective",
        "url": "https://opencollective.com/preact"
      }
    },
    "node_modules/preact-render-to-string": {
      "version": "5.2.6",
      "resolved": "https://registry.npmjs.org/preact-render-to-string/-/preact-render-to-string-5.2.6.tgz",
      "integrity": "sha512-JyhErpYOvBV1hEPwIxc/fHWXPfnEGdRKxc8gFdAZ7XV4tlzyzG847XAyEZqoDnynP88akM4eaHcSOzNcLWFguw==",
      "dependencies": {
        "pretty-format": "^3.8.0"
      },
      "peerDependencies": {
        "preact": ">=10"
      }
    },
    "node_modules/pretty-format": {
      "version": "3.8.0",
      "resolved": "https://registry.npmjs.org/pretty-format/-/pretty-format-3.8.0.tgz",
      "integrity": "sha512-WuxUnVtlWL1OfZFQFuqvnvs6MiAGk9UNsBostyBOB0Is9wb5uRESevA6rnl/rkksXaGX3GzZhPup5d6Vp1nFew=="
    },
    "node_modules/react": {
      "version": "18.2.0",
      "resolved": "https://registry.npmjs.org/react/-/react-18.2.0.tgz",
      "integrity": "sha512-/3IjMdb2L9QbBdWiW5e3P2/npwMBaU9mHCSCUzNln0ZCYbcfTsGbTJrU/kGemdH2IWmB2ioZ+zkxtmq6g09fGQ==",
      "dependencies": {
        "loose-envify": "^1.1.0"
      },
      "engines": {
        "node": ">=0.10.0"
      }
    },
    "node_modules/react-dom": {
      "version": "18.2.0",
      "resolved": "https://registry.npmjs.org/react-dom/-/react-dom-18.2.0.tgz",
      "integrity": "sha512-6IMTriUmvsjHUjNtEDudZfuDQUoWXVxKHhlEGSk81n4YFS+r/Kl99wXiwlVXtPBtJenozv2P+hxDsw9eA7Xo6g==",
      "dependencies": {
        "loose-envify": "^1.1.0",
        "scheduler": "^0.23.0"
      },
      "peerDependencies": {
        "react": "^18.2.0"
      }
    },
    "node_modules/regenerator-runtime": {
      "version": "0.14.0",
      "resolved": "https://registry.npmjs.org/regenerator-runtime/-/regenerator-runtime-0.14.0.tgz",
      "integrity": "sha512-srw17NI0TUWHuGa5CFGGmhfNIeja30WMBfbslPNhf6JrqQlLN5gcrvig1oqPxiVaXb0oW0XRKtH6Nngs5lKCIA=="
    },
    "node_modules/requirejs": {
      "version": "2.3.6",
      "resolved": "https://registry.npmjs.org/requirejs/-/requirejs-2.3.6.tgz",
      "integrity": "sha512-ipEzlWQe6RK3jkzikgCupiTbTvm4S0/CAU5GlgptkN5SO6F3u0UD0K18wy6ErDqiCyP4J4YYe1HuAShvsxePLg==",
      "bin": {
        "r_js": "bin/r.js",
        "r.js": "bin/r.js"
      },
      "engines": {
        "node": ">=0.4.0"
      }
    },
    "node_modules/scheduler": {
      "version": "0.23.0",
      "resolved": "https://registry.npmjs.org/scheduler/-/scheduler-0.23.0.tgz",
      "integrity": "sha512-CtuThmgHNg7zIZWAXi3AsyIzA3n4xx7aNyjwC2VJldO2LMVDhFK+63xGqq6CsJH4rTAt6/M+N4GhZiDYPx9eUw==",
      "dependencies": {
        "loose-envify": "^1.1.0"
      }
    },
    "node_modules/seq": {
      "version": "0.3.5",
      "resolved": "https://registry.npmjs.org/seq/-/seq-0.3.5.tgz",
      "integrity": "sha512-sisY2Ln1fj43KBkRtXkesnRHYNdswIkIibvNe/0UKm2GZxjMbqmccpiatoKr/k2qX5VKiLU8xm+tz/74LAho4g==",
      "dependencies": {
        "chainsaw": ">=0.0.7 <0.1",
        "hashish": ">=0.0.2 <0.1"
      },
      "engines": {
        "node": "*"
      }
    },
    "node_modules/sift": {
      "version": "0.0.18",
      "resolved": "https://registry.npmjs.org/sift/-/sift-0.0.18.tgz",
      "integrity": "sha512-AGLWQiwxBbdCWGl9g8oOEAnc/2/VmvEL2ZmiQJXg4rLbNA+Wi8beTJV4pemehLAjiqtNNUyLYCFkNmHNm4E6QQ=="
    },
    "node_modules/source-map-js": {
      "version": "1.0.2",
      "resolved": "https://registry.npmjs.org/source-map-js/-/source-map-js-1.0.2.tgz",
      "integrity": "sha512-R0XvVJ9WusLiqTCEiGCmICCMplcCkIwwR11mOSD9CR5u+IXYdiseeEuXCVAjS54zqwkLcPNnmU4OeJ6tUrWhDw==",
      "engines": {
        "node": ">=0.10.0"
      }
    },
    "node_modules/step": {
      "version": "0.0.6",
      "resolved": "https://registry.npmjs.org/step/-/step-0.0.6.tgz",
      "integrity": "sha512-qSSeQinUJk2w38vUFobjFoE307GqsozMC8VisOCkJLpklvKPT0ptPHwWOrENoag8rgLudvTkfP3bancwP93/Jw=="
    },
    "node_modules/streamsearch": {
      "version": "1.1.0",
      "resolved": "https://registry.npmjs.org/streamsearch/-/streamsearch-1.1.0.tgz",
      "integrity": "sha512-Mcc5wHehp9aXz1ax6bZUyY5afg9u2rv5cqQI3mRrYkGC8rW2hM02jWuwjtL++LS5qinSyhj2QfLyNsuc+VsExg==",
      "engines": {
        "node": ">=10.0.0"
      }
    },
    "node_modules/structr": {
      "version": "0.2.4",
      "resolved": "https://registry.npmjs.org/structr/-/structr-0.2.4.tgz",
      "integrity": "sha512-hL77hWtJhhuhDb4od5ywwAnVUlq9Krzk4BCoWhfiPtTEHvqBqRUm6lJ5PQlCrMWyi8Cv4+AXA/Mu6dbeTN/fGA=="
    },
    "node_modules/styled-jsx": {
      "version": "5.1.1",
      "resolved": "https://registry.npmjs.org/styled-jsx/-/styled-jsx-5.1.1.tgz",
      "integrity": "sha512-pW7uC1l4mBZ8ugbiZrcIsiIvVx1UmTfw7UkC3Um2tmfUq9Bhk8IiyEIPl6F8agHgjzku6j0xQEZbfA5uSgSaCw==",
      "dependencies": {
        "client-only": "0.0.1"
      },
      "engines": {
        "node": ">= 12.0.0"
      },
      "peerDependencies": {
        "react": ">= 16.8.0 || 17.x.x || ^18.0.0-0"
      },
      "peerDependenciesMeta": {
        "@babel/core": {
          "optional": true
        },
        "babel-plugin-macros": {
          "optional": true
        }
      }
    },
    "node_modules/toarray": {
      "version": "0.0.1",
      "resolved": "https://registry.npmjs.org/toarray/-/toarray-0.0.1.tgz",
      "integrity": "sha512-4EEt1cngMyDQvStibtjwHav7mCYf0mLAXYQ3z03zNacXjWjIHN01j1AtjGpEuCKX5sea+ZzyZcDXgjitxOVaww=="
    },
    "node_modules/traverse": {
      "version": "0.6.7",
      "resolved": "https://registry.npmjs.org/traverse/-/traverse-0.6.7.tgz",
      "integrity": "sha512-/y956gpUo9ZNCb99YjxG7OaslxZWHfCHAUUfshwqOXmxUIvqLjVO581BT+gM59+QV9tFe6/CGG53tsA1Y7RSdg==",
      "funding": {
        "url": "https://github.com/sponsors/ljharb"
      }
    },
    "node_modules/tslib": {
      "version": "2.6.2",
      "resolved": "https://registry.npmjs.org/tslib/-/tslib-2.6.2.tgz",
      "integrity": "sha512-AEYxH93jGFPn/a2iVAwW87VuUIkR1FVUKB77NwMF7nBTDkDrrT/Hpt/IrCJ0QXhW27jTBDcf5ZY7w6RiqTMw2Q=="
    },
    "node_modules/type-component": {
      "version": "0.0.1",
      "resolved": "https://registry.npmjs.org/type-component/-/type-component-0.0.1.tgz",
      "integrity": "sha512-mDZRBQS2yZkwRQKfjJvQ8UIYJeBNNWCq+HBNstl9N5s9jZ4dkVYXEGkVPsSCEh5Ld4JM1kmrZTzjnrqSAIQ7dw=="
    },
    "node_modules/uglify-js": {
      "version": "1.3.3",
      "resolved": "https://registry.npmjs.org/uglify-js/-/uglify-js-1.3.3.tgz",
      "integrity": "sha512-rM1jYODSisv6Ki54DTEec2YvPv11LAdFVLgrY8fqGzwTDrg1tT91Z8nExx0X375TOptjwJh9MSs6KYQez8XCoQ==",
      "bin": {
        "uglifyjs": "bin/uglifyjs"
      },
      "engines": {
        "node": "*"
      }
    },
    "node_modules/underscore": {
      "version": "1.4.4",
      "resolved": "https://registry.npmjs.org/underscore/-/underscore-1.4.4.tgz",
      "integrity": "sha512-ZqGrAgaqqZM7LGRzNjLnw5elevWb5M8LEoDMadxIW3OWbcv72wMMgKdwOKpd5Fqxe8choLD8HN3iSj3TUh/giQ=="
    },
    "node_modules/underscore.string": {
      "version": "2.0.0",
      "resolved": "https://registry.npmjs.org/underscore.string/-/underscore.string-2.0.0.tgz",
      "integrity": "sha512-36kUytY+40vDx+/MqchfGG6/QDy/FZPR0RY/vKIEU55yAvxivOwE46rIKMQ2uCIfwjxbI0PQpmljQ2MK80oYDA==",
      "engines": {
        "node": "*"
      }
    },
    "node_modules/uuid": {
      "version": "8.3.2",
      "resolved": "https://registry.npmjs.org/uuid/-/uuid-8.3.2.tgz",
      "integrity": "sha512-+NYs2QeMWy+GWFOEm9xnn6HCDp0l7QBD7ml8zLUmJ+93Q5NF0NocErnwkTkXVFNiX3/fpC6afS8Dhb/gz7R7eg==",
      "bin": {
        "uuid": "dist/bin/uuid"
      }
    },
    "node_modules/validator": {
      "version": "0.4.28",
      "resolved": "https://registry.npmjs.org/validator/-/validator-0.4.28.tgz",
      "integrity": "sha512-BWMI11MpsaRhwwBkNDb3WbeUtms1ZPThZY/wus5inSYZTEAkkeMiII00PHqzMeBC1po6tpkQ+Z22Dgbv9GHqbA==",
      "engines": {
        "node": ">=0.2.2"
      }
    },
    "node_modules/verify": {
      "version": "0.0.10",
      "resolved": "https://registry.npmjs.org/verify/-/verify-0.0.10.tgz",
      "integrity": "sha512-zCsA/Z7S5JaOiWvNlFGBu7cTJIVPQTxS9wLrijoW8JRcxNPkkjINOICGOjpgrndiBcNY5Z24OomihDnZrEMbrA==",
      "dependencies": {
        "comerr": "0.0.x",
        "sift": "0.0.x",
        "structr": "0.2.x",
        "toarray": "0.0.x",
        "validator": "~0.4.13"
      }
    },
    "node_modules/vine": {
      "version": "0.1.1",
      "resolved": "https://registry.npmjs.org/vine/-/vine-0.1.1.tgz",
      "integrity": "sha512-NBiN0phDxRdNHdBmmnzSDrO5xj1G+VGRJjoDaq7CeaF6x5Qx0a78ZHVM/A36xSAznoFRWCybVjFMq5wDYlDOtw==",
      "dependencies": {
        "outcome": "*"
      }
    },
    "node_modules/walkdir": {
      "version": "0.4.1",
      "resolved": "https://registry.npmjs.org/walkdir/-/walkdir-0.4.1.tgz",
      "integrity": "sha512-3eBwRyEln6E1MSzcxcVpQIhRG8Q1jLvEqRmCZqS3dsfXEDR/AhOF4d+jHg1qvDCpYaVRZjENPQyrVxAkQqxPgQ==",
      "engines": {
        "node": ">=6.0.0"
      }
    },
    "node_modules/watchpack": {
      "version": "2.4.0",
      "resolved": "https://registry.npmjs.org/watchpack/-/watchpack-2.4.0.tgz",
      "integrity": "sha512-Lcvm7MGST/4fup+ifyKi2hjyIAwcdI4HRgtvTpIUxBRhB+RFtUh8XtDOxUfctVCnhVi+QQj49i91OyvzkJl6cg==",
      "dependencies": {
        "glob-to-regexp": "^0.4.1",
        "graceful-fs": "^4.1.2"
      },
      "engines": {
        "node": ">=10.13.0"
      }
    },
    "node_modules/which": {
      "version": "1.0.9",
      "resolved": "https://registry.npmjs.org/which/-/which-1.0.9.tgz",
      "integrity": "sha512-E87fdQ/eRJr9W1X4wTPejNy9zTW3FI2vpCZSJ/HAY+TkjKVC0TUm1jk6vn2Z7qay0DQy0+RBGdXxj+RmmiGZKQ==",
      "bin": {
        "which": "bin/which"
      }
    },
    "node_modules/yallist": {
      "version": "4.0.0",
      "resolved": "https://registry.npmjs.org/yallist/-/yallist-4.0.0.tgz",
      "integrity": "sha512-3wdGidZyq5PB084XLES5TpOSRA3wjXAlIWMhum2kRcv/41Sn2emQ0dycQW4uZXLejwKvg6EsvbdlVL+FYEct7A=="
    }
  }
}
